// !$*UTF8*$!
{
	archiveVersion = 1;
	classes = {
	};
	objectVersion = 50;
	objects = {

/* Begin PBXBuildFile section */
		1F448BFE2448E34700318EBB /* AppDelegate.swift in Sources */ = {isa = PBXBuildFile; fileRef = 1F448BFD2448E34700318EBB /* AppDelegate.swift */; };
		1F448C002448E34700318EBB /* SceneDelegate.swift in Sources */ = {isa = PBXBuildFile; fileRef = 1F448BFF2448E34700318EBB /* SceneDelegate.swift */; };
		1F448C022448E34700318EBB /* ViewController.swift in Sources */ = {isa = PBXBuildFile; fileRef = 1F448C012448E34700318EBB /* ViewController.swift */; };
		1F448C052448E34700318EBB /* Main.storyboard in Resources */ = {isa = PBXBuildFile; fileRef = 1F448C032448E34700318EBB /* Main.storyboard */; };
		1F448C072448E34B00318EBB /* Assets.xcassets in Resources */ = {isa = PBXBuildFile; fileRef = 1F448C062448E34B00318EBB /* Assets.xcassets */; };
		1F448C0A2448E34B00318EBB /* LaunchScreen.storyboard in Resources */ = {isa = PBXBuildFile; fileRef = 1F448C082448E34B00318EBB /* LaunchScreen.storyboard */; };
		1F448C192448EA5F00318EBB /* Default-568h@2x.png in Resources */ = {isa = PBXBuildFile; fileRef = 1F448C182448EA5F00318EBB /* Default-568h@2x.png */; };
		1F448C1B2448F01100318EBB /* ViewController+alertController.swift in Sources */ = {isa = PBXBuildFile; fileRef = 1F448C1A2448F01100318EBB /* ViewController+alertController.swift */; };
		1F448C1D2448FBC300318EBB /* NetworkWeatherManager.swift in Sources */ = {isa = PBXBuildFile; fileRef = 1F448C1C2448FBC300318EBB /* NetworkWeatherManager.swift */; };
		1F448C1F2448FD5800318EBB /* Constants.swift in Sources */ = {isa = PBXBuildFile; fileRef = 1F448C1E2448FD5800318EBB /* Constants.swift */; };
/* End PBXBuildFile section */

/* Begin PBXFileReference section */
		1F448BFA2448E34700318EBB /* myWeatherApp.app */ = {isa = PBXFileReference; explicitFileType = wrapper.application; includeInIndex = 0; path = myWeatherApp.app; sourceTree = BUILT_PRODUCTS_DIR; };
		1F448BFD2448E34700318EBB /* AppDelegate.swift */ = {isa = PBXFileReference; lastKnownFileType = sourcecode.swift; path = AppDelegate.swift; sourceTree = "<group>"; };
		1F448BFF2448E34700318EBB /* SceneDelegate.swift */ = {isa = PBXFileReference; lastKnownFileType = sourcecode.swift; path = SceneDelegate.swift; sourceTree = "<group>"; };
		1F448C012448E34700318EBB /* ViewController.swift */ = {isa = PBXFileReference; lastKnownFileType = sourcecode.swift; path = ViewController.swift; sourceTree = "<group>"; };
		1F448C042448E34700318EBB /* Base */ = {isa = PBXFileReference; lastKnownFileType = file.storyboard; name = Base; path = Base.lproj/Main.storyboard; sourceTree = "<group>"; };
		1F448C062448E34B00318EBB /* Assets.xcassets */ = {isa = PBXFileReference; lastKnownFileType = folder.assetcatalog; path = Assets.xcassets; sourceTree = "<group>"; };
		1F448C092448E34B00318EBB /* Base */ = {isa = PBXFileReference; lastKnownFileType = file.storyboard; name = Base; path = Base.lproj/LaunchScreen.storyboard; sourceTree = "<group>"; };
		1F448C0B2448E34B00318EBB /* Info.plist */ = {isa = PBXFileReference; lastKnownFileType = text.plist.xml; path = Info.plist; sourceTree = "<group>"; };
		1F448C182448EA5F00318EBB /* Default-568h@2x.png */ = {isa = PBXFileReference; lastKnownFileType = image.png; path = "Default-568h@2x.png"; sourceTree = "<group>"; };
		1F448C1A2448F01100318EBB /* ViewController+alertController.swift */ = {isa = PBXFileReference; lastKnownFileType = sourcecode.swift; path = "ViewController+alertController.swift"; sourceTree = "<group>"; };
		1F448C1C2448FBC300318EBB /* NetworkWeatherManager.swift */ = {isa = PBXFileReference; lastKnownFileType = sourcecode.swift; path = NetworkWeatherManager.swift; sourceTree = "<group>"; };
		1F448C1E2448FD5800318EBB /* Constants.swift */ = {isa = PBXFileReference; lastKnownFileType = sourcecode.swift; path = Constants.swift; sourceTree = "<group>"; };
/* End PBXFileReference section */

/* Begin PBXFrameworksBuildPhase section */
		1F448BF72448E34700318EBB /* Frameworks */ = {
			isa = PBXFrameworksBuildPhase;
			buildActionMask = 2147483647;
			files = (
			);
			runOnlyForDeploymentPostprocessing = 0;
		};
/* End PBXFrameworksBuildPhase section */

/* Begin PBXGroup section */
		1F448BF12448E34700318EBB = {
			isa = PBXGroup;
			children = (
				1F448C182448EA5F00318EBB /* Default-568h@2x.png */,
				1F448BFC2448E34700318EBB /* myWeatherApp */,
				1F448BFB2448E34700318EBB /* Products */,
			);
			sourceTree = "<group>";
		};
		1F448BFB2448E34700318EBB /* Products */ = {
			isa = PBXGroup;
			children = (
				1F448BFA2448E34700318EBB /* myWeatherApp.app */,
			);
			name = Products;
			sourceTree = "<group>";
		};
		1F448BFC2448E34700318EBB /* myWeatherApp */ = {
			isa = PBXGroup;
			children = (
				1F448C132448E4A800318EBB /* Models */,
				1F448C122448E4A300318EBB /* Views */,
				1F448C142448E4B000318EBB /* Controllers */,
				1F448C152448E4B900318EBB /* Supporting files */,
				1F448C112448E49900318EBB /* Extensions */,
			);
			path = myWeatherApp;
			sourceTree = "<group>";
		};
		1F448C112448E49900318EBB /* Extensions */ = {
			isa = PBXGroup;
			children = (
				1F448C1A2448F01100318EBB /* ViewController+alertController.swift */,
			);
			path = Extensions;
			sourceTree = "<group>";
		};
		1F448C122448E4A300318EBB /* Views */ = {
			isa = PBXGroup;
			children = (
				1F448C032448E34700318EBB /* Main.storyboard */,
				1F448C082448E34B00318EBB /* LaunchScreen.storyboard */,
			);
			path = Views;
			sourceTree = "<group>";
		};
		1F448C132448E4A800318EBB /* Models */ = {
			isa = PBXGroup;
			children = (
				1F448C1C2448FBC300318EBB /* NetworkWeatherManager.swift */,
			);
			path = Models;
			sourceTree = "<group>";
		};
		1F448C142448E4B000318EBB /* Controllers */ = {
			isa = PBXGroup;
			children = (
				1F448C012448E34700318EBB /* ViewController.swift */,
			);
			path = Controllers;
			sourceTree = "<group>";
		};
		1F448C152448E4B900318EBB /* Supporting files */ = {
			isa = PBXGroup;
			children = (
				1F448BFD2448E34700318EBB /* AppDelegate.swift */,
				1F448BFF2448E34700318EBB /* SceneDelegate.swift */,
				1F448C062448E34B00318EBB /* Assets.xcassets */,
				1F448C0B2448E34B00318EBB /* Info.plist */,
				1F448C1E2448FD5800318EBB /* Constants.swift */,
			);
			path = "Supporting files";
			sourceTree = "<group>";
		};
/* End PBXGroup section */

/* Begin PBXNativeTarget section */
		1F448BF92448E34700318EBB /* myWeatherApp */ = {
			isa = PBXNativeTarget;
			buildConfigurationList = 1F448C0E2448E34B00318EBB /* Build configuration list for PBXNativeTarget "myWeatherApp" */;
			buildPhases = (
				1F448BF62448E34700318EBB /* Sources */,
				1F448BF72448E34700318EBB /* Frameworks */,
				1F448BF82448E34700318EBB /* Resources */,
			);
			buildRules = (
			);
			dependencies = (
			);
			name = myWeatherApp;
			productName = myWeatherApp;
			productReference = 1F448BFA2448E34700318EBB /* myWeatherApp.app */;
			productType = "com.apple.product-type.application";
		};
/* End PBXNativeTarget section */

/* Begin PBXProject section */
		1F448BF22448E34700318EBB /* Project object */ = {
			isa = PBXProject;
			attributes = {
				LastSwiftUpdateCheck = 1140;
				LastUpgradeCheck = 1140;
				ORGANIZATIONNAME = "Vladislav Klepikov";
				TargetAttributes = {
					1F448BF92448E34700318EBB = {
						CreatedOnToolsVersion = 11.4;
					};
				};
			};
			buildConfigurationList = 1F448BF52448E34700318EBB /* Build configuration list for PBXProject "myWeatherApp" */;
			compatibilityVersion = "Xcode 9.3";
			developmentRegion = en;
			hasScannedForEncodings = 0;
			knownRegions = (
				en,
				Base,
			);
			mainGroup = 1F448BF12448E34700318EBB;
			productRefGroup = 1F448BFB2448E34700318EBB /* Products */;
			projectDirPath = "";
			projectRoot = "";
			targets = (
				1F448BF92448E34700318EBB /* myWeatherApp */,
			);
		};
/* End PBXProject section */

/* Begin PBXResourcesBuildPhase section */
		1F448BF82448E34700318EBB /* Resources */ = {
			isa = PBXResourcesBuildPhase;
			buildActionMask = 2147483647;
			files = (
				1F448C0A2448E34B00318EBB /* LaunchScreen.storyboard in Resources */,
				1F448C192448EA5F00318EBB /* Default-568h@2x.png in Resources */,
				1F448C072448E34B00318EBB /* Assets.xcassets in Resources */,
				1F448C052448E34700318EBB /* Main.storyboard in Resources */,
			);
			runOnlyForDeploymentPostprocessing = 0;
		};
/* End PBXResourcesBuildPhase section */

/* Begin PBXSourcesBuildPhase section */
		1F448BF62448E34700318EBB /* Sources */ = {
			isa = PBXSourcesBuildPhase;
			buildActionMask = 2147483647;
			files = (
				1F448C022448E34700318EBB /* ViewController.swift in Sources */,
				1F448C1B2448F01100318EBB /* ViewController+alertController.swift in Sources */,
				1F448C1D2448FBC300318EBB /* NetworkWeatherManager.swift in Sources */,
				1F448BFE2448E34700318EBB /* AppDelegate.swift in Sources */,
				1F448C002448E34700318EBB /* SceneDelegate.swift in Sources */,
				1F448C1F2448FD5800318EBB /* Constants.swift in Sources */,
			);
			runOnlyForDeploymentPostprocessing = 0;
		};
/* End PBXSourcesBuildPhase section */

/* Begin PBXVariantGroup section */
		1F448C032448E34700318EBB /* Main.storyboard */ = {
			isa = PBXVariantGroup;
			children = (
				1F448C042448E34700318EBB /* Base */,
			);
			name = Main.storyboard;
			sourceTree = "<group>";
		};
		1F448C082448E34B00318EBB /* LaunchScreen.storyboard */ = {
			isa = PBXVariantGroup;
			children = (
				1F448C092448E34B00318EBB /* Base */,
			);
			name = LaunchScreen.storyboard;
			sourceTree = "<group>";
		};
/* End PBXVariantGroup section */

/* Begin XCBuildConfiguration section */
		1F448C0C2448E34B00318EBB /* Debug */ = {
			isa = XCBuildConfiguration;
			buildSettings = {
				ALWAYS_SEARCH_USER_PATHS = NO;
				CLANG_ANALYZER_NONNULL = YES;
				CLANG_ANALYZER_NUMBER_OBJECT_CONVERSION = YES_AGGRESSIVE;
				CLANG_CXX_LANGUAGE_STANDARD = "gnu++14";
				CLANG_CXX_LIBRARY = "libc++";
				CLANG_ENABLE_MODULES = YES;
				CLANG_ENABLE_OBJC_ARC = YES;
				CLANG_ENABLE_OBJC_WEAK = YES;
				CLANG_WARN_BLOCK_CAPTURE_AUTORELEASING = YES;
				CLANG_WARN_BOOL_CONVERSION = YES;
				CLANG_WARN_COMMA = YES;
				CLANG_WARN_CONSTANT_CONVERSION = YES;
				CLANG_WARN_DEPRECATED_OBJC_IMPLEMENTATIONS = YES;
				CLANG_WARN_DIRECT_OBJC_ISA_USAGE = YES_ERROR;
				CLANG_WARN_DOCUMENTATION_COMMENTS = YES;
				CLANG_WARN_EMPTY_BODY = YES;
				CLANG_WARN_ENUM_CONVERSION = YES;
				CLANG_WARN_INFINITE_RECURSION = YES;
				CLANG_WARN_INT_CONVERSION = YES;
				CLANG_WARN_NON_LITERAL_NULL_CONVERSION = YES;
				CLANG_WARN_OBJC_IMPLICIT_RETAIN_SELF = YES;
				CLANG_WARN_OBJC_LITERAL_CONVERSION = YES;
				CLANG_WARN_OBJC_ROOT_CLASS = YES_ERROR;
				CLANG_WARN_RANGE_LOOP_ANALYSIS = YES;
				CLANG_WARN_STRICT_PROTOTYPES = YES;
				CLANG_WARN_SUSPICIOUS_MOVE = YES;
				CLANG_WARN_UNGUARDED_AVAILABILITY = YES_AGGRESSIVE;
				CLANG_WARN_UNREACHABLE_CODE = YES;
				CLANG_WARN__DUPLICATE_METHOD_MATCH = YES;
				COPY_PHASE_STRIP = NO;
				DEBUG_INFORMATION_FORMAT = dwarf;
				ENABLE_STRICT_OBJC_MSGSEND = YES;
				ENABLE_TESTABILITY = YES;
				GCC_C_LANGUAGE_STANDARD = gnu11;
				GCC_DYNAMIC_NO_PIC = NO;
				GCC_NO_COMMON_BLOCKS = YES;
				GCC_OPTIMIZATION_LEVEL = 0;
				GCC_PREPROCESSOR_DEFINITIONS = (
					"DEBUG=1",
					"$(inherited)",
				);
				GCC_WARN_64_TO_32_BIT_CONVERSION = YES;
				GCC_WARN_ABOUT_RETURN_TYPE = YES_ERROR;
				GCC_WARN_UNDECLARED_SELECTOR = YES;
				GCC_WARN_UNINITIALIZED_AUTOS = YES_AGGRESSIVE;
				GCC_WARN_UNUSED_FUNCTION = YES;
				GCC_WARN_UNUSED_VARIABLE = YES;
				IPHONEOS_DEPLOYMENT_TARGET = 13.4;
				MTL_ENABLE_DEBUG_INFO = INCLUDE_SOURCE;
				MTL_FAST_MATH = YES;
				ONLY_ACTIVE_ARCH = YES;
				SDKROOT = iphoneos;
				SWIFT_ACTIVE_COMPILATION_CONDITIONS = DEBUG;
				SWIFT_OPTIMIZATION_LEVEL = "-Onone";
			};
			name = Debug;
		};
		1F448C0D2448E34B00318EBB /* Release */ = {
			isa = XCBuildConfiguration;
			buildSettings = {
				ALWAYS_SEARCH_USER_PATHS = NO;
				CLANG_ANALYZER_NONNULL = YES;
				CLANG_ANALYZER_NUMBER_OBJECT_CONVERSION = YES_AGGRESSIVE;
				CLANG_CXX_LANGUAGE_STANDARD = "gnu++14";
				CLANG_CXX_LIBRARY = "libc++";
				CLANG_ENABLE_MODULES = YES;
				CLANG_ENABLE_OBJC_ARC = YES;
				CLANG_ENABLE_OBJC_WEAK = YES;
				CLANG_WARN_BLOCK_CAPTURE_AUTORELEASING = YES;
				CLANG_WARN_BOOL_CONVERSION = YES;
				CLANG_WARN_COMMA = YES;
				CLANG_WARN_CONSTANT_CONVERSION = YES;
				CLANG_WARN_DEPRECATED_OBJC_IMPLEMENTATIONS = YES;
				CLANG_WARN_DIRECT_OBJC_ISA_USAGE = YES_ERROR;
				CLANG_WARN_DOCUMENTATION_COMMENTS = YES;
				CLANG_WARN_EMPTY_BODY = YES;
				CLANG_WARN_ENUM_CONVERSION = YES;
				CLANG_WARN_INFINITE_RECURSION = YES;
				CLANG_WARN_INT_CONVERSION = YES;
				CLANG_WARN_NON_LITERAL_NULL_CONVERSION = YES;
				CLANG_WARN_OBJC_IMPLICIT_RETAIN_SELF = YES;
				CLANG_WARN_OBJC_LITERAL_CONVERSION = YES;
				CLANG_WARN_OBJC_ROOT_CLASS = YES_ERROR;
				CLANG_WARN_RANGE_LOOP_ANALYSIS = YES;
				CLANG_WARN_STRICT_PROTOTYPES = YES;
				CLANG_WARN_SUSPICIOUS_MOVE = YES;
				CLANG_WARN_UNGUARDED_AVAILABILITY = YES_AGGRESSIVE;
				CLANG_WARN_UNREACHABLE_CODE = YES;
				CLANG_WARN__DUPLICATE_METHOD_MATCH = YES;
				COPY_PHASE_STRIP = NO;
				DEBUG_INFORMATION_FORMAT = "dwarf-with-dsym";
				ENABLE_NS_ASSERTIONS = NO;
				ENABLE_STRICT_OBJC_MSGSEND = YES;
				GCC_C_LANGUAGE_STANDARD = gnu11;
				GCC_NO_COMMON_BLOCKS = YES;
				GCC_WARN_64_TO_32_BIT_CONVERSION = YES;
				GCC_WARN_ABOUT_RETURN_TYPE = YES_ERROR;
				GCC_WARN_UNDECLARED_SELECTOR = YES;
				GCC_WARN_UNINITIALIZED_AUTOS = YES_AGGRESSIVE;
				GCC_WARN_UNUSED_FUNCTION = YES;
				GCC_WARN_UNUSED_VARIABLE = YES;
				IPHONEOS_DEPLOYMENT_TARGET = 13.4;
				MTL_ENABLE_DEBUG_INFO = NO;
				MTL_FAST_MATH = YES;
				SDKROOT = iphoneos;
				SWIFT_COMPILATION_MODE = wholemodule;
				SWIFT_OPTIMIZATION_LEVEL = "-O";
				VALIDATE_PRODUCT = YES;
			};
			name = Release;
		};
		1F448C0F2448E34B00318EBB /* Debug */ = {
			isa = XCBuildConfiguration;
			buildSettings = {
				ASSETCATALOG_COMPILER_APPICON_NAME = AppIcon;
				CODE_SIGN_STYLE = Automatic;
				DEVELOPMENT_TEAM = WDFHT4A72L;
				INFOPLIST_FILE = "myWeatherApp/Supporting files/Info.plist";
				LD_RUNPATH_SEARCH_PATHS = (
					"$(inherited)",
					"@executable_path/Frameworks",
				);
				PRODUCT_BUNDLE_IDENTIFIER = "Vladislav-Klepikov.myWeatherApp";
				PRODUCT_NAME = "$(TARGET_NAME)";
				SWIFT_VERSION = 5.0;
				TARGETED_DEVICE_FAMILY = 1;
			};
			name = Debug;
		};
		1F448C102448E34B00318EBB /* Release */ = {
			isa = XCBuildConfiguration;
			buildSettings = {
				ASSETCATALOG_COMPILER_APPICON_NAME = AppIcon;
				CODE_SIGN_STYLE = Automatic;
				DEVELOPMENT_TEAM = WDFHT4A72L;
				INFOPLIST_FILE = "myWeatherApp/Supporting files/Info.plist";
				LD_RUNPATH_SEARCH_PATHS = (
					"$(inherited)",
					"@executable_path/Frameworks",
				);
				PRODUCT_BUNDLE_IDENTIFIER = "Vladislav-Klepikov.myWeatherApp";
				PRODUCT_NAME = "$(TARGET_NAME)";
				SWIFT_VERSION = 5.0;
				TARGETED_DEVICE_FAMILY = 1;
			};
			name = Release;
		};
/* End XCBuildConfiguration section */

/* Begin XCConfigurationList section */
		1F448BF52448E34700318EBB /* Build configuration list for PBXProject "myWeatherApp" */ = {
			isa = XCConfigurationList;
			buildConfigurations = (
				1F448C0C2448E34B00318EBB /* Debug */,
				1F448C0D2448E34B00318EBB /* Release */,
			);
			defaultConfigurationIsVisible = 0;
			defaultConfigurationName = Release;
		};
		1F448C0E2448E34B00318EBB /* Build configuration list for PBXNativeTarget "myWeatherApp" */ = {
			isa = XCConfigurationList;
			buildConfigurations = (
				1F448C0F2448E34B00318EBB /* Debug */,
				1F448C102448E34B00318EBB /* Release */,
			);
			defaultConfigurationIsVisible = 0;
			defaultConfigurationName = Release;
		};
/* End XCConfigurationList section */
	};
	rootObject = 1F448BF22448E34700318EBB /* Project object */;
}
